// !$*UTF8*$!
{
	archiveVersion = 1;
	classes = {
	};
	objectVersion = 55;
	objects = {

/* Begin PBXBuildFile section */
		DCCC39A328174B7700FFAA14 /* ShiftezApp.swift in Sources */ = {isa = PBXBuildFile; fileRef = DCCC39A228174B7700FFAA14 /* ShiftezApp.swift */; };
		DCCC39A728174B7900FFAA14 /* Assets.xcassets in Resources */ = {isa = PBXBuildFile; fileRef = DCCC39A628174B7900FFAA14 /* Assets.xcassets */; };
		DCCC39AA28174B7900FFAA14 /* Preview Assets.xcassets in Resources */ = {isa = PBXBuildFile; fileRef = DCCC39A928174B7900FFAA14 /* Preview Assets.xcassets */; };
		DCCC39B328174CC100FFAA14 /* AppDelegate.swift in Sources */ = {isa = PBXBuildFile; fileRef = DCCC39B228174CC100FFAA14 /* AppDelegate.swift */; };
		DCCC39B7281752CD00FFAA14 /* MenuBarView.swift in Sources */ = {isa = PBXBuildFile; fileRef = DCCC39B6281752CD00FFAA14 /* MenuBarView.swift */; };
		DCCC39B92817588300FFAA14 /* PopoverView.swift in Sources */ = {isa = PBXBuildFile; fileRef = DCCC39B82817588300FFAA14 /* PopoverView.swift */; };
		DCCC39BD2817673B00FFAA14 /* Helpers.swift in Sources */ = {isa = PBXBuildFile; fileRef = DCCC39BC2817673B00FFAA14 /* Helpers.swift */; };
		DCCC39C02817676F00FFAA14 /* Exec.swift in Sources */ = {isa = PBXBuildFile; fileRef = DCCC39BF2817676F00FFAA14 /* Exec.swift */; };
		DCCC39C3281767C300FFAA14 /* Types.swift in Sources */ = {isa = PBXBuildFile; fileRef = DCCC39C2281767C300FFAA14 /* Types.swift */; };
		DCCC39C62817788000FFAA14 /* terminal_16406.png in Resources */ = {isa = PBXBuildFile; fileRef = DCCC39C52817788000FFAA14 /* terminal_16406.png */; };
/* End PBXBuildFile section */

/* Begin PBXFileReference section */
		DCCC399F28174B7700FFAA14 /* Shiftez.app */ = {isa = PBXFileReference; explicitFileType = wrapper.application; includeInIndex = 0; path = Shiftez.app; sourceTree = BUILT_PRODUCTS_DIR; };
		DCCC39A228174B7700FFAA14 /* ShiftezApp.swift */ = {isa = PBXFileReference; lastKnownFileType = sourcecode.swift; path = ShiftezApp.swift; sourceTree = "<group>"; };
		DCCC39A628174B7900FFAA14 /* Assets.xcassets */ = {isa = PBXFileReference; lastKnownFileType = folder.assetcatalog; path = Assets.xcassets; sourceTree = "<group>"; };
		DCCC39A928174B7900FFAA14 /* Preview Assets.xcassets */ = {isa = PBXFileReference; lastKnownFileType = folder.assetcatalog; path = "Preview Assets.xcassets"; sourceTree = "<group>"; };
		DCCC39AB28174B7900FFAA14 /* Shiftez.entitlements */ = {isa = PBXFileReference; lastKnownFileType = text.plist.entitlements; path = Shiftez.entitlements; sourceTree = "<group>"; };
		DCCC39B128174BE100FFAA14 /* Info.plist */ = {isa = PBXFileReference; lastKnownFileType = text.plist; path = Info.plist; sourceTree = "<group>"; };
		DCCC39B228174CC100FFAA14 /* AppDelegate.swift */ = {isa = PBXFileReference; lastKnownFileType = sourcecode.swift; path = AppDelegate.swift; sourceTree = "<group>"; };
		DCCC39B6281752CD00FFAA14 /* MenuBarView.swift */ = {isa = PBXFileReference; lastKnownFileType = sourcecode.swift; path = MenuBarView.swift; sourceTree = "<group>"; };
		DCCC39B82817588300FFAA14 /* PopoverView.swift */ = {isa = PBXFileReference; lastKnownFileType = sourcecode.swift; path = PopoverView.swift; sourceTree = "<group>"; };
		DCCC39BC2817673B00FFAA14 /* Helpers.swift */ = {isa = PBXFileReference; lastKnownFileType = sourcecode.swift; path = Helpers.swift; sourceTree = "<group>"; };
		DCCC39BF2817676F00FFAA14 /* Exec.swift */ = {isa = PBXFileReference; lastKnownFileType = sourcecode.swift; path = Exec.swift; sourceTree = "<group>"; };
		DCCC39C2281767C300FFAA14 /* Types.swift */ = {isa = PBXFileReference; lastKnownFileType = sourcecode.swift; path = Types.swift; sourceTree = "<group>"; };
		DCCC39C52817788000FFAA14 /* terminal_16406.png */ = {isa = PBXFileReference; lastKnownFileType = image.png; name = terminal_16406.png; path = ../../../../Downloads/terminal_16406.png; sourceTree = "<group>"; };
/* End PBXFileReference section */

/* Begin PBXFrameworksBuildPhase section */
		DCCC399C28174B7700FFAA14 /* Frameworks */ = {
			isa = PBXFrameworksBuildPhase;
			buildActionMask = 2147483647;
			files = (
			);
			runOnlyForDeploymentPostprocessing = 0;
		};
/* End PBXFrameworksBuildPhase section */

/* Begin PBXGroup section */
		DCCC399628174B7600FFAA14 = {
			isa = PBXGroup;
			children = (
				DCCC39A128174B7700FFAA14 /* Shiftez */,
				DCCC39A028174B7700FFAA14 /* Products */,
			);
			sourceTree = "<group>";
		};
		DCCC39A028174B7700FFAA14 /* Products */ = {
			isa = PBXGroup;
			children = (
				DCCC399F28174B7700FFAA14 /* Shiftez.app */,
			);
			name = Products;
			sourceTree = "<group>";
		};
		DCCC39A128174B7700FFAA14 /* Shiftez */ = {
			isa = PBXGroup;
			children = (
				DCCC39C1281767B200FFAA14 /* CoreData */,
				DCCC39B128174BE100FFAA14 /* Info.plist */,
				DCCC39A228174B7700FFAA14 /* ShiftezApp.swift */,
				DCCC39A628174B7900FFAA14 /* Assets.xcassets */,
				DCCC39AB28174B7900FFAA14 /* Shiftez.entitlements */,
				DCCC39A828174B7900FFAA14 /* Preview Content */,
				DCCC39B228174CC100FFAA14 /* AppDelegate.swift */,
				DCCC39B6281752CD00FFAA14 /* MenuBarView.swift */,
				DCCC39B82817588300FFAA14 /* PopoverView.swift */,
				DCCC39BC2817673B00FFAA14 /* Helpers.swift */,
				DCCC39BF2817676F00FFAA14 /* Exec.swift */,
				DCCC39C52817788000FFAA14 /* terminal_16406.png */,
			);
			path = Shiftez;
			sourceTree = "<group>";
		};
		DCCC39A828174B7900FFAA14 /* Preview Content */ = {
			isa = PBXGroup;
			children = (
				DCCC39A928174B7900FFAA14 /* Preview Assets.xcassets */,
			);
			path = "Preview Content";
			sourceTree = "<group>";
		};
		DCCC39C1281767B200FFAA14 /* CoreData */ = {
			isa = PBXGroup;
			children = (
				DCCC39C2281767C300FFAA14 /* Types.swift */,
			);
			path = CoreData;
			sourceTree = "<group>";
		};
/* End PBXGroup section */

/* Begin PBXNativeTarget section */
		DCCC399E28174B7700FFAA14 /* Shiftez */ = {
			isa = PBXNativeTarget;
			buildConfigurationList = DCCC39AE28174B7900FFAA14 /* Build configuration list for PBXNativeTarget "Shiftez" */;
			buildPhases = (
				DCCC399B28174B7700FFAA14 /* Sources */,
				DCCC399C28174B7700FFAA14 /* Frameworks */,
				DCCC399D28174B7700FFAA14 /* Resources */,
			);
			buildRules = (
			);
			dependencies = (
			);
			name = Shiftez;
			productName = Shiftez;
			productReference = DCCC399F28174B7700FFAA14 /* Shiftez.app */;
			productType = "com.apple.product-type.application";
		};
/* End PBXNativeTarget section */

/* Begin PBXProject section */
		DCCC399728174B7600FFAA14 /* Project object */ = {
			isa = PBXProject;
			attributes = {
				BuildIndependentTargetsInParallel = 1;
				LastSwiftUpdateCheck = 1330;
				LastUpgradeCheck = 1330;
				TargetAttributes = {
					DCCC399E28174B7700FFAA14 = {
						CreatedOnToolsVersion = 13.3.1;
					};
				};
			};
			buildConfigurationList = DCCC399A28174B7600FFAA14 /* Build configuration list for PBXProject "Shiftez" */;
			compatibilityVersion = "Xcode 13.0";
			developmentRegion = en;
			hasScannedForEncodings = 0;
			knownRegions = (
				en,
				Base,
			);
			mainGroup = DCCC399628174B7600FFAA14;
			productRefGroup = DCCC39A028174B7700FFAA14 /* Products */;
			projectDirPath = "";
			projectRoot = "";
			targets = (
				DCCC399E28174B7700FFAA14 /* Shiftez */,
			);
		};
/* End PBXProject section */

/* Begin PBXResourcesBuildPhase section */
		DCCC399D28174B7700FFAA14 /* Resources */ = {
			isa = PBXResourcesBuildPhase;
			buildActionMask = 2147483647;
			files = (
				DCCC39C62817788000FFAA14 /* terminal_16406.png in Resources */,
				DCCC39AA28174B7900FFAA14 /* Preview Assets.xcassets in Resources */,
				DCCC39A728174B7900FFAA14 /* Assets.xcassets in Resources */,
			);
			runOnlyForDeploymentPostprocessing = 0;
		};
/* End PBXResourcesBuildPhase section */

/* Begin PBXSourcesBuildPhase section */
		DCCC399B28174B7700FFAA14 /* Sources */ = {
			isa = PBXSourcesBuildPhase;
			buildActionMask = 2147483647;
			files = (
				DCCC39B7281752CD00FFAA14 /* MenuBarView.swift in Sources */,
				DCCC39B328174CC100FFAA14 /* AppDelegate.swift in Sources */,
				DCCC39C02817676F00FFAA14 /* Exec.swift in Sources */,
				DCCC39C3281767C300FFAA14 /* Types.swift in Sources */,
				DCCC39B92817588300FFAA14 /* PopoverView.swift in Sources */,
				DCCC39BD2817673B00FFAA14 /* Helpers.swift in Sources */,
				DCCC39A328174B7700FFAA14 /* ShiftezApp.swift in Sources */,
			);
			runOnlyForDeploymentPostprocessing = 0;
		};
/* End PBXSourcesBuildPhase section */

/* Begin XCBuildConfiguration section */
		DCCC39AC28174B7900FFAA14 /* Debug */ = {
			isa = XCBuildConfiguration;
			buildSettings = {
				ALWAYS_SEARCH_USER_PATHS = NO;
				CLANG_ANALYZER_NONNULL = YES;
				CLANG_ANALYZER_NUMBER_OBJECT_CONVERSION = YES_AGGRESSIVE;
				CLANG_CXX_LANGUAGE_STANDARD = "gnu++17";
				CLANG_ENABLE_MODULES = YES;
				CLANG_ENABLE_OBJC_ARC = YES;
				CLANG_ENABLE_OBJC_WEAK = YES;
				CLANG_WARN_BLOCK_CAPTURE_AUTORELEASING = YES;
				CLANG_WARN_BOOL_CONVERSION = YES;
				CLANG_WARN_COMMA = YES;
				CLANG_WARN_CONSTANT_CONVERSION = YES;
				CLANG_WARN_DEPRECATED_OBJC_IMPLEMENTATIONS = YES;
				CLANG_WARN_DIRECT_OBJC_ISA_USAGE = YES_ERROR;
				CLANG_WARN_DOCUMENTATION_COMMENTS = YES;
				CLANG_WARN_EMPTY_BODY = YES;
				CLANG_WARN_ENUM_CONVERSION = YES;
				CLANG_WARN_INFINITE_RECURSION = YES;
				CLANG_WARN_INT_CONVERSION = YES;
				CLANG_WARN_NON_LITERAL_NULL_CONVERSION = YES;
				CLANG_WARN_OBJC_IMPLICIT_RETAIN_SELF = YES;
				CLANG_WARN_OBJC_LITERAL_CONVERSION = YES;
				CLANG_WARN_OBJC_ROOT_CLASS = YES_ERROR;
				CLANG_WARN_QUOTED_INCLUDE_IN_FRAMEWORK_HEADER = YES;
				CLANG_WARN_RANGE_LOOP_ANALYSIS = YES;
				CLANG_WARN_STRICT_PROTOTYPES = YES;
				CLANG_WARN_SUSPICIOUS_MOVE = YES;
				CLANG_WARN_UNGUARDED_AVAILABILITY = YES_AGGRESSIVE;
				CLANG_WARN_UNREACHABLE_CODE = YES;
				CLANG_WARN__DUPLICATE_METHOD_MATCH = YES;
				COPY_PHASE_STRIP = NO;
				DEBUG_INFORMATION_FORMAT = dwarf;
				ENABLE_STRICT_OBJC_MSGSEND = YES;
				ENABLE_TESTABILITY = YES;
				GCC_C_LANGUAGE_STANDARD = gnu11;
				GCC_DYNAMIC_NO_PIC = NO;
				GCC_NO_COMMON_BLOCKS = YES;
				GCC_OPTIMIZATION_LEVEL = 0;
				GCC_PREPROCESSOR_DEFINITIONS = (
					"DEBUG=1",
					"$(inherited)",
				);
				GCC_WARN_64_TO_32_BIT_CONVERSION = YES;
				GCC_WARN_ABOUT_RETURN_TYPE = YES_ERROR;
				GCC_WARN_UNDECLARED_SELECTOR = YES;
				GCC_WARN_UNINITIALIZED_AUTOS = YES_AGGRESSIVE;
				GCC_WARN_UNUSED_FUNCTION = YES;
				GCC_WARN_UNUSED_VARIABLE = YES;
				MACOSX_DEPLOYMENT_TARGET = 12.3;
				MTL_ENABLE_DEBUG_INFO = INCLUDE_SOURCE;
				MTL_FAST_MATH = YES;
				ONLY_ACTIVE_ARCH = YES;
				SDKROOT = macosx;
				SWIFT_ACTIVE_COMPILATION_CONDITIONS = DEBUG;
				SWIFT_OPTIMIZATION_LEVEL = "-Onone";
			};
			name = Debug;
		};
		DCCC39AD28174B7900FFAA14 /* Release */ = {
			isa = XCBuildConfiguration;
			buildSettings = {
				ALWAYS_SEARCH_USER_PATHS = NO;
				CLANG_ANALYZER_NONNULL = YES;
				CLANG_ANALYZER_NUMBER_OBJECT_CONVERSION = YES_AGGRESSIVE;
				CLANG_CXX_LANGUAGE_STANDARD = "gnu++17";
				CLANG_ENABLE_MODULES = YES;
				CLANG_ENABLE_OBJC_ARC = YES;
				CLANG_ENABLE_OBJC_WEAK = YES;
				CLANG_WARN_BLOCK_CAPTURE_AUTORELEASING = YES;
				CLANG_WARN_BOOL_CONVERSION = YES;
				CLANG_WARN_COMMA = YES;
				CLANG_WARN_CONSTANT_CONVERSION = YES;
				CLANG_WARN_DEPRECATED_OBJC_IMPLEMENTATIONS = YES;
				CLANG_WARN_DIRECT_OBJC_ISA_USAGE = YES_ERROR;
				CLANG_WARN_DOCUMENTATION_COMMENTS = YES;
				CLANG_WARN_EMPTY_BODY = YES;
				CLANG_WARN_ENUM_CONVERSION = YES;
				CLANG_WARN_INFINITE_RECURSION = YES;
				CLANG_WARN_INT_CONVERSION = YES;
				CLANG_WARN_NON_LITERAL_NULL_CONVERSION = YES;
				CLANG_WARN_OBJC_IMPLICIT_RETAIN_SELF = YES;
				CLANG_WARN_OBJC_LITERAL_CONVERSION = YES;
				CLANG_WARN_OBJC_ROOT_CLASS = YES_ERROR;
				CLANG_WARN_QUOTED_INCLUDE_IN_FRAMEWORK_HEADER = YES;
				CLANG_WARN_RANGE_LOOP_ANALYSIS = YES;
				CLANG_WARN_STRICT_PROTOTYPES = YES;
				CLANG_WARN_SUSPICIOUS_MOVE = YES;
				CLANG_WARN_UNGUARDED_AVAILABILITY = YES_AGGRESSIVE;
				CLANG_WARN_UNREACHABLE_CODE = YES;
				CLANG_WARN__DUPLICATE_METHOD_MATCH = YES;
				COPY_PHASE_STRIP = NO;
				DEBUG_INFORMATION_FORMAT = "dwarf-with-dsym";
				ENABLE_NS_ASSERTIONS = NO;
				ENABLE_STRICT_OBJC_MSGSEND = YES;
				GCC_C_LANGUAGE_STANDARD = gnu11;
				GCC_NO_COMMON_BLOCKS = YES;
				GCC_WARN_64_TO_32_BIT_CONVERSION = YES;
				GCC_WARN_ABOUT_RETURN_TYPE = YES_ERROR;
				GCC_WARN_UNDECLARED_SELECTOR = YES;
				GCC_WARN_UNINITIALIZED_AUTOS = YES_AGGRESSIVE;
				GCC_WARN_UNUSED_FUNCTION = YES;
				GCC_WARN_UNUSED_VARIABLE = YES;
				MACOSX_DEPLOYMENT_TARGET = 12.3;
				MTL_ENABLE_DEBUG_INFO = NO;
				MTL_FAST_MATH = YES;
				SDKROOT = macosx;
				SWIFT_COMPILATION_MODE = wholemodule;
				SWIFT_OPTIMIZATION_LEVEL = "-O";
			};
			name = Release;
		};
		DCCC39AF28174B7900FFAA14 /* Debug */ = {
			isa = XCBuildConfiguration;
			buildSettings = {
				ASSETCATALOG_COMPILER_APPICON_NAME = AppIcon;
				ASSETCATALOG_COMPILER_GLOBAL_ACCENT_COLOR_NAME = AccentColor;
				CODE_SIGN_ENTITLEMENTS = Shiftez/Shiftez.entitlements;
				CODE_SIGN_IDENTITY = "Apple Development";
				CODE_SIGN_STYLE = Automatic;
				COMBINE_HIDPI_IMAGES = YES;
				CURRENT_PROJECT_VERSION = 1;
				DEVELOPMENT_ASSET_PATHS = "\"Shiftez/Preview Content\"";
				DEVELOPMENT_TEAM = 7657TKA628;
				ENABLE_APP_SANDBOX = NO;
				ENABLE_HARDENED_RUNTIME = NO;
				ENABLE_PREVIEWS = YES;
				ENABLE_USER_SELECTED_FILES = "";
				GENERATE_INFOPLIST_FILE = YES;
				INFOPLIST_FILE = Shiftez/Info.plist;
				INFOPLIST_KEY_NSHumanReadableCopyright = "";
				LD_RUNPATH_SEARCH_PATHS = (
					"$(inherited)",
					"@executable_path/../Frameworks",
				);
				MARKETING_VERSION = 1.0;
				PRODUCT_BUNDLE_IDENTIFIER = com.danielivanov.Shiftez;
				PRODUCT_NAME = "$(TARGET_NAME)";
				SWIFT_EMIT_LOC_STRINGS = YES;
				SWIFT_VERSION = 5.0;
			};
			name = Debug;
		};
		DCCC39B028174B7900FFAA14 /* Release */ = {
			isa = XCBuildConfiguration;
			buildSettings = {
				ASSETCATALOG_COMPILER_APPICON_NAME = AppIcon;
				ASSETCATALOG_COMPILER_GLOBAL_ACCENT_COLOR_NAME = AccentColor;
				CODE_SIGN_ENTITLEMENTS = Shiftez/Shiftez.entitlements;
				CODE_SIGN_IDENTITY = "Apple Development";
				CODE_SIGN_STYLE = Automatic;
				COMBINE_HIDPI_IMAGES = YES;
				CURRENT_PROJECT_VERSION = 1;
				DEVELOPMENT_ASSET_PATHS = "\"Shiftez/Preview Content\"";
				DEVELOPMENT_TEAM = 7657TKA628;
				ENABLE_APP_SANDBOX = NO;
				ENABLE_HARDENED_RUNTIME = NO;
				ENABLE_PREVIEWS = YES;
				ENABLE_USER_SELECTED_FILES = "";
				GENERATE_INFOPLIST_FILE = YES;
				INFOPLIST_FILE = Shiftez/Info.plist;
				INFOPLIST_KEY_NSHumanReadableCopyright = "";
				LD_RUNPATH_SEARCH_PATHS = (
					"$(inherited)",
					"@executable_path/../Frameworks",
				);
				MARKETING_VERSION = 1.0;
				PRODUCT_BUNDLE_IDENTIFIER = com.danielivanov.Shiftez;
				PRODUCT_NAME = "$(TARGET_NAME)";
				SWIFT_EMIT_LOC_STRINGS = YES;
				SWIFT_VERSION = 5.0;
			};
			name = Release;
		};
/* End XCBuildConfiguration section */

/* Begin XCConfigurationList section */
		DCCC399A28174B7600FFAA14 /* Build configuration list for PBXProject "Shiftez" */ = {
			isa = XCConfigurationList;
			buildConfigurations = (
				DCCC39AC28174B7900FFAA14 /* Debug */,
				DCCC39AD28174B7900FFAA14 /* Release */,
			);
			defaultConfigurationIsVisible = 0;
			defaultConfigurationName = Release;
		};
		DCCC39AE28174B7900FFAA14 /* Build configuration list for PBXNativeTarget "Shiftez" */ = {
			isa = XCConfigurationList;
			buildConfigurations = (
				DCCC39AF28174B7900FFAA14 /* Debug */,
				DCCC39B028174B7900FFAA14 /* Release */,
			);
			defaultConfigurationIsVisible = 0;
			defaultConfigurationName = Release;
		};
/* End XCConfigurationList section */
	};
	rootObject = DCCC399728174B7600FFAA14 /* Project object */;
}
